# This file is generated by running "yarn install" inside your project.
# Manual changes might be lost - proceed with caution!

__metadata:
  version: 8
  cacheKey: 10c0

"Yarn-path-bug@workspace:.":
  version: 0.0.0-use.local
  resolution: "Yarn-path-bug@workspace:."
  dependencies:
    suneditor: "npm:^2.45.1"
  languageName: unknown
  linkType: soft

"suneditor@npm:^2.45.1":
  version: 2.45.1
  resolution: "suneditor@npm:2.45.1::__archiveUrl=https%3A%2F%2Fregistry.npmmirror.com%2Fsuneditor%2F-%2Fsuneditor-2.45.1.tgz"
  checksum: 711ea203792135d3780340376b828de620279aa1e98c042fc9ae65e15dae5ccfd721c3b9b251ae094726c3213fd7072dcd608563f6531f9bbef458b0b4713cc9
  languageName: node
  linkType: hard
